
Microsoft Visual Studio Solution File, Format Version 12.00
# Visual Studio 15
VisualStudioVersion = 15.0.28307.1401
MinimumVisualStudioVersion = 10.0.40219.1
Project("{FAE04EC0-301F-11D3-BF4B-00C04F79EFBC}") = "Yazilim.Core", "Yazilim.Core\Yazilim.Core.csproj", "{0583E817-2A20-4EB6-93F6-54A4229ABD89}"
EndProject
Project("{FAE04EC0-301F-11D3-BF4B-00C04F79EFBC}") = "Yazilim.Entities", "Yazilim.Entities\Yazilim.Entities.csproj", "{3CDC69E9-9929-46D5-B103-041FF64A2B2E}"
EndProject
Project("{FAE04EC0-301F-11D3-BF4B-00C04F79EFBC}") = "Yazilim.UIWindowsForm", "Yazilim.UIWindowsForm\Yazilim.UIWindowsForm.csproj", "{12A3B7CC-6A9F-4AB5-878B-4B1C607543F6}"
EndProject
Global
	GlobalSection(SolutionConfigurationPlatforms) = preSolution
		Debug|Any CPU = Debug|Any CPU
		Release|Any CPU = Release|Any CPU
	EndGlobalSection
	GlobalSection(ProjectConfigurationPlatforms) = postSolution
		{0583E817-2A20-4EB6-93F6-54A4229ABD89}.Debug|Any CPU.ActiveCfg = Debug|Any CPU
		{0583E817-2A20-4EB6-93F6-54A4229ABD89}.Debug|Any CPU.Build.0 = Debug|Any CPU
		{0583E817-2A20-4EB6-93F6-54A4229ABD89}.Release|Any CPU.ActiveCfg = Release|Any CPU
		{0583E817-2A20-4EB6-93F6-54A4229ABD89}.Release|Any CPU.Build.0 = Release|Any CPU
		{3CDC69E9-9929-46D5-B103-041FF64A2B2E}.Debug|Any CPU.ActiveCfg = Debug|Any CPU
		{3CDC69E9-9929-46D5-B103-041FF64A2B2E}.Debug|Any CPU.Build.0 = Debug|Any CPU
		{3CDC69E9-9929-46D5-B103-041FF64A2B2E}.Release|Any CPU.ActiveCfg = Release|Any CPU
		{3CDC69E9-9929-46D5-B103-041FF64A2B2E}.Release|Any CPU.Build.0 = Release|Any CPU
		{12A3B7CC-6A9F-4AB5-878B-4B1C607543F6}.Debug|Any CPU.ActiveCfg = Debug|Any CPU
		{12A3B7CC-6A9F-4AB5-878B-4B1C607543F6}.Debug|Any CPU.Build.0 = Debug|Any CPU
		{12A3B7CC-6A9F-4AB5-878B-4B1C607543F6}.Release|Any CPU.ActiveCfg = Release|Any CPU
		{12A3B7CC-6A9F-4AB5-878B-4B1C607543F6}.Release|Any CPU.Build.0 = Release|Any CPU
	EndGlobalSection
	GlobalSection(SolutionProperties) = preSolution
		HideSolutionNode = FALSE
	EndGlobalSection
	GlobalSection(ExtensibilityGlobals) = postSolution
		SolutionGuid = {B007CE47-53A4-41EA-8271-03DB8FC0ED7A}
	EndGlobalSection
EndGlobal
